
Microsoft Visual Studio Solution File, Format Version 12.00
# Visual Studio 15
VisualStudioVersion = 15.0.26228.9
MinimumVisualStudioVersion = 10.0.40219.1
Project("{FAE04EC0-301F-11D3-BF4B-00C04F79EFBC}") = "Api", "Api\Api.csproj", "{BF5122A6-3281-4C58-B004-822FC884C726}"
EndProject
Project("{FAE04EC0-301F-11D3-BF4B-00C04F79EFBC}") = "Core", "Core\Core.csproj", "{84174D95-11BC-4237-BBAD-9F9A2EAA7959}"
EndProject
Project("{FAE04EC0-301F-11D3-BF4B-00C04F79EFBC}") = "Infrastructure", "Infrastructure\Infrastructure.csproj", "{EA65647C-40BB-4A96-8D97-1B977C0B08EC}"
EndProject
Global
	GlobalSection(SolutionConfigurationPlatforms) = preSolution
		Debug|Any CPU = Debug|Any CPU
		Release|Any CPU = Release|Any CPU
	EndGlobalSection
	GlobalSection(ProjectConfigurationPlatforms) = postSolution
		{BF5122A6-3281-4C58-B004-822FC884C726}.Debug|Any CPU.ActiveCfg = Debug|Any CPU
		{BF5122A6-3281-4C58-B004-822FC884C726}.Debug|Any CPU.Build.0 = Debug|Any CPU
		{BF5122A6-3281-4C58-B004-822FC884C726}.Release|Any CPU.ActiveCfg = Release|Any CPU
		{BF5122A6-3281-4C58-B004-822FC884C726}.Release|Any CPU.Build.0 = Release|Any CPU
		{84174D95-11BC-4237-BBAD-9F9A2EAA7959}.Debug|Any CPU.ActiveCfg = Debug|Any CPU
		{84174D95-11BC-4237-BBAD-9F9A2EAA7959}.Debug|Any CPU.Build.0 = Debug|Any CPU
		{84174D95-11BC-4237-BBAD-9F9A2EAA7959}.Release|Any CPU.ActiveCfg = Release|Any CPU
		{84174D95-11BC-4237-BBAD-9F9A2EAA7959}.Release|Any CPU.Build.0 = Release|Any CPU
		{EA65647C-40BB-4A96-8D97-1B977C0B08EC}.Debug|Any CPU.ActiveCfg = Debug|Any CPU
		{EA65647C-40BB-4A96-8D97-1B977C0B08EC}.Debug|Any CPU.Build.0 = Debug|Any CPU
		{EA65647C-40BB-4A96-8D97-1B977C0B08EC}.Release|Any CPU.ActiveCfg = Release|Any CPU
		{EA65647C-40BB-4A96-8D97-1B977C0B08EC}.Release|Any CPU.Build.0 = Release|Any CPU
	EndGlobalSection
	GlobalSection(SolutionProperties) = preSolution
		HideSolutionNode = FALSE
	EndGlobalSection
EndGlobal
